PODS:
  - DZNEmptyDataSet (1.8.1)
  - FBSnapshotTestCase (2.1.4):
    - FBSnapshotTestCase/SwiftSupport (= 2.1.4)
  - FBSnapshotTestCase/Core (2.1.4)
  - FBSnapshotTestCase/SwiftSupport (2.1.4):
    - FBSnapshotTestCase/Core
  - FORGestureTrackDisplay (0.1.0)
  - FORScrollViewEmptyAssistant (1.0.0):
    - DZNEmptyDataSet
  - Kiwi (2.4.0)
  - MJRefresh (3.0.8)

DEPENDENCIES:
  - FBSnapshotTestCase
  - FORGestureTrackDisplay
  - FORScrollViewEmptyAssistant (from `../`)
  - Kiwi
  - MJRefresh (~> 3.0.7)

EXTERNAL SOURCES:
  FORScrollViewEmptyAssistant:
    :path: ../

SPEC CHECKSUMS:
  DZNEmptyDataSet: 9525833b9e68ac21c30253e1d3d7076cc828eaa7
  FBSnapshotTestCase: 094f9f314decbabe373b87cc339bea235a63e07a
  FORGestureTrackDisplay: a0c14d65cbe49ee54dbc1ca15cfd14d905e0cf79
  FORScrollViewEmptyAssistant: 37ec00e959a1ff44fce8f827aaa1fcbb5722f284
  Kiwi: f49c9d54b28917df5928fe44968a39ed198cb8a8
  MJRefresh: fafde8f18f4afd66b434331a9beb67a6c0264056

PODFILE CHECKSUM: 294d902f35f53f1c8948c5aecb4ee9731cfd9f11

COCOAPODS: 1.2.1
