PODS:
  - DZNEmptyDataSet (1.5.2)
  - FBSnapshotTestCase (2.1.0):
    - FBSnapshotTestCase/SwiftSupport (= 2.1.0)
  - FBSnapshotTestCase/Core (2.1.0)
  - FBSnapshotTestCase/SwiftSupport (2.1.0):
    - FBSnapshotTestCase/Core
  - FORScrollViewEmptyAssistant (0.1.0):
    - DZNEmptyDataSet (~> 1.5.2)
  - Kiwi (2.4.0)
  - MJRefresh (3.0.8)

DEPENDENCIES:
  - FBSnapshotTestCase
  - FORScrollViewEmptyAssistant (from `../`)
  - Kiwi
  - MJRefresh (~> 3.0.7)

EXTERNAL SOURCES:
  FORScrollViewEmptyAssistant:
    :path: "../"

SPEC CHECKSUMS:
  DZNEmptyDataSet: 741da409081a4bf707c949c964623a6ad1799772
  FBSnapshotTestCase: 366ecd378511d7716c79991cd8067d1eed23578d
  FORScrollViewEmptyAssistant: d8c2c44b423044046d092bec301129ec0c7a2035
  Kiwi: f49c9d54b28917df5928fe44968a39ed198cb8a8
  MJRefresh: fafde8f18f4afd66b434331a9beb67a6c0264056

PODFILE CHECKSUM: 8868a6b965f94508a8b6766e1c23e2d95c57c2a6

COCOAPODS: 1.0.0
